dependencies:
- name: monitoring
  repository: ""
  version: 2.8.1
- name: ui
  repository: ""
  version: 3.0.0-alpha
- name: kyvernoPlugin
  repository: ""
  version: 1.6.3
digest: sha256:1a8d2928f41414a4f81aad73598f223dba74c981c3426718446f5bbd973dca56
generated: "2023-12-18T11:02:32.365378+01:00"
